{
  "version": 4,
  "terraform_version": "1.7.5",
  "serial": 10,
  "lineage": "2d3389bb-7b8d-1fef-42e3-9b824894e049",
  "outputs": {},
  "resources": [
    {
      "module": "module.redshift",
      "mode": "managed",
      "type": "aws_redshift_cluster",
      "name": "example_cluster",
      "provider": "module.redshift.provider[\"registry.terraform.io/hashicorp/aws\"]",
      "instances": [
        {
          "schema_version": 0,
          "attributes": {
            "allow_version_upgrade": true,
            "apply_immediately": false,
            "aqua_configuration_status": "auto",
            "arn": "arn:aws:redshift:us-east-1:045119972392:cluster:dbt-redshit-dw",
            "automated_snapshot_retention_period": 1,
            "availability_zone": "us-east-1a",
            "availability_zone_relocation_enabled": false,
            "cluster_identifier": "dbt-redshit-dw",
            "cluster_namespace_arn": "arn:aws:redshift:us-east-1:045119972392:namespace:90c1c1ec-58af-4adf-8905-50e9d4fd9ebd",
            "cluster_nodes": [
              {
                "node_role": "SHARED",
                "private_ip_address": "120.31.3.58",
                "public_ip_address": "52.23.92.5"
              }
            ],
            "cluster_parameter_group_name": "default.redshift-1.0",
            "cluster_public_key": "ssh-rsa AAAAB3NzaC1yc2EAAAADAQABAAABAQCcKZyT35LgiA+anFkG9HhTwfY5MSJ50E7Ucgq84VAqsJCgFHCyqskXMnDzbSnoyGijYh4cBC/n5tK/jX5nu21X9jVFzt39EeXlvdx/MaPpu8vEuB3uJkGRAthV/X/4OYGxKH+GtuxuMV/jf9lH7ztGvW3Y0HpI8JRlv1IGE5xLTI6PIxiyNKXZGWMng1lb1OvA0OXkejq82W7/KesI/GeuRjA2rljfDZjhjSBe1UHh/nxJWhPbeomg5i1TgSlDiJoqK/BetGAeXVkmNcMFLx4Zep05SBcm9dnEzGSIFwtw5IQMbGOxwRU6Q5lJsDQYUMsjHCXR6ho38gYsajvijDwT Amazon-Redshift\n",
            "cluster_revision_number": "63269",
            "cluster_subnet_group_name": "dbt-redshift-dw-redshift-subnet-group",
            "cluster_type": "single-node",
            "cluster_version": "1.0",
            "database_name": "dev",
            "default_iam_role_arn": "",
            "dns_name": "dbt-redshit-dw.c9o3p02nhrjr.us-east-1.redshift.amazonaws.com",
            "elastic_ip": null,
            "encrypted": false,
            "endpoint": "dbt-redshit-dw.c9o3p02nhrjr.us-east-1.redshift.amazonaws.com:5439",
            "enhanced_vpc_routing": false,
            "final_snapshot_identifier": null,
            "iam_roles": [
              "arn:aws:iam::045119972392:role/dbt-redshift-dbt-redshift-s3"
            ],
            "id": "dbt-redshit-dw",
            "kms_key_id": "",
            "logging": [
              {
                "bucket_name": "",
                "enable": false,
                "log_destination_type": "",
                "log_exports": [],
                "s3_key_prefix": ""
              }
            ],
            "maintenance_track_name": "current",
            "manage_master_password": null,
            "manual_snapshot_retention_period": -1,
            "master_password": "Password123",
            "master_password_secret_arn": "",
            "master_password_secret_kms_key_id": "",
            "master_username": "admin",
            "multi_az": false,
            "node_type": "dc2.large",
            "number_of_nodes": 1,
            "owner_account": null,
            "port": 5439,
            "preferred_maintenance_window": "wed:06:00-wed:06:30",
            "publicly_accessible": true,
            "skip_final_snapshot": false,
            "snapshot_arn": null,
            "snapshot_cluster_identifier": null,
            "snapshot_copy": [],
            "snapshot_identifier": null,
            "tags": {},
            "tags_all": {},
            "timeouts": null,
            "vpc_security_group_ids": [
              "sg-06039adf0ebf21ad7"
            ]
          },
          "sensitive_attributes": [],
          "private": "eyJlMmJmYjczMC1lY2FhLTExZTYtOGY4OC0zNDM2M2JjN2M0YzAiOnsiY3JlYXRlIjo0NTAwMDAwMDAwMDAwLCJkZWxldGUiOjI0MDAwMDAwMDAwMDAsInVwZGF0ZSI6NDUwMDAwMDAwMDAwMH19"
        }
      ]
    }
  ],
  "check_results": null
}
